{
  "name": "energese",
  "version": "1.0.0",
  "lockfileVersion": 2,
  "requires": true,
  "packages": {
    "": {
      "version": "1.0.0",
      "license": "AFGPL",
      "dependencies": {
        "svg64": "^1.1.0"
      }
    },
    "node_modules/svg64": {
      "version": "1.1.0",
      "resolved": "https://registry.npmjs.org/svg64/-/svg64-1.1.0.tgz",
      "integrity": "sha512-9qfEr8mXxA/sgoybuCfCM72iiRplE6J1qCpCtljr1+C/UccVvRxz/sHBf/JQ7tsuXSm+p02Al1mP4DreJB7Edw=="
    }
  },
  "dependencies": {
    "svg64": {
      "version": "1.1.0",
      "resolved": "https://registry.npmjs.org/svg64/-/svg64-1.1.0.tgz",
      "integrity": "sha512-9qfEr8mXxA/sgoybuCfCM72iiRplE6J1qCpCtljr1+C/UccVvRxz/sHBf/JQ7tsuXSm+p02Al1mP4DreJB7Edw=="
    }
  }
}
